
Microsoft Visual Studio Solution File, Format Version 12.00
# Visual Studio Version 16
VisualStudioVersion = 16.0.30309.148
MinimumVisualStudioVersion = 10.0.40219.1
Project("{9A19103F-16F7-4668-BE54-9A1E7A4F7556}") = "Data", "data\Data.csproj", "{B11E3DBF-6C04-4D8B-9956-E04FE43DCD77}"
EndProject
Project("{FAE04EC0-301F-11D3-BF4B-00C04F79EFBC}") = "Api", "Api\Api.csproj", "{029EFCAD-D06A-42FD-AED9-9C5460CCCDCF}"
EndProject
Global
	GlobalSection(SolutionConfigurationPlatforms) = preSolution
		Debug|Any CPU = Debug|Any CPU
		Release|Any CPU = Release|Any CPU
	EndGlobalSection
	GlobalSection(ProjectConfigurationPlatforms) = postSolution
		{B11E3DBF-6C04-4D8B-9956-E04FE43DCD77}.Debug|Any CPU.ActiveCfg = Debug|Any CPU
		{B11E3DBF-6C04-4D8B-9956-E04FE43DCD77}.Debug|Any CPU.Build.0 = Debug|Any CPU
		{B11E3DBF-6C04-4D8B-9956-E04FE43DCD77}.Release|Any CPU.ActiveCfg = Release|Any CPU
		{B11E3DBF-6C04-4D8B-9956-E04FE43DCD77}.Release|Any CPU.Build.0 = Release|Any CPU
		{029EFCAD-D06A-42FD-AED9-9C5460CCCDCF}.Debug|Any CPU.ActiveCfg = Debug|Any CPU
		{029EFCAD-D06A-42FD-AED9-9C5460CCCDCF}.Debug|Any CPU.Build.0 = Debug|Any CPU
		{029EFCAD-D06A-42FD-AED9-9C5460CCCDCF}.Release|Any CPU.ActiveCfg = Release|Any CPU
		{029EFCAD-D06A-42FD-AED9-9C5460CCCDCF}.Release|Any CPU.Build.0 = Release|Any CPU
	EndGlobalSection
	GlobalSection(SolutionProperties) = preSolution
		HideSolutionNode = FALSE
	EndGlobalSection
	GlobalSection(ExtensibilityGlobals) = postSolution
		SolutionGuid = {F4567F80-0A7C-45F2-8F74-4FCE9031A260}
	EndGlobalSection
EndGlobal
